# THIS IS AN AUTOGENERATED FILE. DO NOT EDIT THIS FILE DIRECTLY.
# yarn lockfile v1


address@>=0.0.1, address@^1.0.0:
  version "1.0.3"
  resolved "http://r.cnpmjs.org/address/download/address-1.0.3.tgz#b5f50631f8d6cec8bd20c963963afb55e06cbce9"

agent-base@2, agent-base@^2.1.1:
  version "2.1.1"
  resolved "http://r.cnpmjs.org/agent-base/download/agent-base-2.1.1.tgz#d6de10d5af6132d5bd692427d46fc538539094c7"
  dependencies:
    extend "~3.0.0"
    semver "~5.0.1"

agent-base@^4.0.1:
  version "4.1.1"
  resolved "http://r.cnpmjs.org/agent-base/download/agent-base-4.1.1.tgz#92d8a4fc2524a3b09b3666a33b6c97960f23d6a4"
  dependencies:
    es6-promisify "^5.0.0"

agentkeepalive@^2.1.1:
  version "2.2.0"
  resolved "http://r.cnpmjs.org/agentkeepalive/download/agentkeepalive-2.2.0.tgz#c5d1bd4b129008f1163f236f86e5faea2026e2ef"

ajv@^4.9.1:
  version "4.11.8"
  resolved "http://r.cnpmjs.org/ajv/download/ajv-4.11.8.tgz#82ffb02b29e662ae53bdc20af15947706739c536"
  dependencies:
    co "^4.6.0"
    json-stable-stringify "^1.0.1"

ali-oss@^4.10.1:
  version "4.10.1"
  resolved "http://r.cnpmjs.org/ali-oss/download/ali-oss-4.10.1.tgz#713bc7227565c162f8cf4e2d2382d2dec4181524"
  dependencies:
    address "^1.0.0"
    agentkeepalive "^2.1.1"
    bowser "^1.6.0"
    co "^4.6.0"
    co-defer "^1.0.0"
    co-gather "^0.0.1"
    copy-to "^2.0.1"
    dateformat "^2.0.0"
    debug "^2.2.0"
    destroy "^1.0.4"
    end-or-error "^1.0.1"
    get-ready "^1.0.0"
    humanize-ms "^1.2.0"
    is-type-of "^1.0.0"
    merge-descriptors "^1.0.1"
    mime "^1.3.4"
    platform "^1.3.1"
    sdk-base "^2.0.1"
    urllib "^2.17.1"
    utility "^1.8.0"
    xml2js "^0.4.16"

amdefine@>=0.0.4:
  version "1.0.1"
  resolved "http://r.cnpmjs.org/amdefine/download/amdefine-1.0.1.tgz#4a5282ac164729e93619bcfd3ad151f817ce91f5"

any-promise@^1.3.0:
  version "1.3.0"
  resolved "http://r.cnpmjs.org/any-promise/download/any-promise-1.3.0.tgz#abc6afeedcea52e809cdc0376aed3ce39635d17f"

asn1@~0.2.3:
  version "0.2.3"
  resolved "http://r.cnpmjs.org/asn1/download/asn1-0.2.3.tgz#dac8787713c9966849fc8180777ebe9c1ddf3b86"

assert-plus@1.0.0, assert-plus@^1.0.0:
  version "1.0.0"
  resolved "http://r.cnpmjs.org/assert-plus/download/assert-plus-1.0.0.tgz#f12e0f3c5d77b0b1cdd9146942e4e96c1e4dd525"

assert-plus@^0.2.0:
  version "0.2.0"
  resolved "http://r.cnpmjs.org/assert-plus/download/assert-plus-0.2.0.tgz#d74e1b87e7affc0db8aadb7021f3fe48101ab234"

ast-types@0.x.x:
  version "0.9.12"
  resolved "http://r.cnpmjs.org/ast-types/download/ast-types-0.9.12.tgz#b136300d67026625ae15326982ca9918e5db73c9"

asynckit@^0.4.0:
  version "0.4.0"
  resolved "http://r.cnpmjs.org/asynckit/download/asynckit-0.4.0.tgz#c79ed97f7f34cb8f2ba1bc9790bcc366474b4b79"

aws-sign2@~0.6.0:
  version "0.6.0"
  resolved "http://r.cnpmjs.org/aws-sign2/download/aws-sign2-0.6.0.tgz#14342dd38dbcc94d0e5b87d763cd63612c0e794f"

aws4@^1.2.1:
  version "1.6.0"
  resolved "http://r.cnpmjs.org/aws4/download/aws4-1.6.0.tgz#83ef5ca860b2b32e4a0deedee8c771b9db57471e"

bcrypt-pbkdf@^1.0.0:
  version "1.0.1"
  resolved "http://r.cnpmjs.org/bcrypt-pbkdf/download/bcrypt-pbkdf-1.0.1.tgz#63bc5dcb61331b92bc05fd528953c33462a06f8d"
  dependencies:
    tweetnacl "^0.14.3"

bluebird@^3.5.0:
  version "3.5.0"
  resolved "http://r.cnpmjs.org/bluebird/download/bluebird-3.5.0.tgz#791420d7f551eea2897453a8a77653f96606d67c"

boom@2.x.x:
  version "2.10.1"
  resolved "http://r.cnpmjs.org/boom/download/boom-2.10.1.tgz#39c8918ceff5799f83f9492a848f625add0c766f"
  dependencies:
    hoek "2.x.x"

bowser@^1.6.0:
  version "1.7.3"
  resolved "http://r.cnpmjs.org/bowser/download/bowser-1.7.3.tgz#504bdb43118ca8db9cbbadf28fd60f265af96e4f"

bytes@2.5.0:
  version "2.5.0"
  resolved "http://r.cnpmjs.org/bytes/download/bytes-2.5.0.tgz#4c9423ea2d252c270c41b2bdefeff9bb6b62c06a"

caseless@~0.12.0:
  version "0.12.0"
  resolved "http://r.cnpmjs.org/caseless/download/caseless-0.12.0.tgz#1b681c21ff84033c826543090689420d187151dc"

co-defer@^1.0.0:
  version "1.0.0"
  resolved "http://r.cnpmjs.org/co-defer/download/co-defer-1.0.0.tgz#3e4a787a8eed6b0a21ee287c094f7e8de0d3c818"

co-gather@^0.0.1:
  version "0.0.1"
  resolved "http://r.cnpmjs.org/co-gather/download/co-gather-0.0.1.tgz#efa35fbef02c9f647d8a740b3f5db731862535bc"
  dependencies:
    co-thread "0.0.1"

co-thread@0.0.1:
  version "0.0.1"
  resolved "http://r.cnpmjs.org/co-thread/download/co-thread-0.0.1.tgz#57713f0ef4b87e5595d4f23711ffe4b3b6de5e74"

co@^4.6.0:
  version "4.6.0"
  resolved "http://r.cnpmjs.org/co/download/co-4.6.0.tgz#6ea6bdf3d853ae54ccb8e47bfa0bf3f9031fb184"

combined-stream@^1.0.5, combined-stream@~1.0.5:
  version "1.0.5"
  resolved "http://r.cnpmjs.org/combined-stream/download/combined-stream-1.0.5.tgz#938370a57b4a51dea2c77c15d5c5fdf895164009"
  dependencies:
    delayed-stream "~1.0.0"

content-type@^1.0.2:
  version "1.0.2"
  resolved "http://r.cnpmjs.org/content-type/download/content-type-1.0.2.tgz#b7d113aee7a8dd27bd21133c4dc2529df1721eed"

copy-to@^2.0.1, copy-to@~2.0.1:
  version "2.0.1"
  resolved "http://r.cnpmjs.org/copy-to/download/copy-to-2.0.1.tgz#2680fbb8068a48d08656b6098092bdafc906f4a5"

core-util-is@1.0.2, core-util-is@^1.0.2, core-util-is@~1.0.0:
  version "1.0.2"
  resolved "http://r.cnpmjs.org/core-util-is/download/core-util-is-1.0.2.tgz#b5fd54220aa2bc5ab57aab7140c940754503c1a7"

cryptiles@2.x.x:
  version "2.0.5"
  resolved "http://r.cnpmjs.org/cryptiles/download/cryptiles-2.0.5.tgz#3bdfecdc608147c1c67202fa291e7dca59eaa3b8"
  dependencies:
    boom "2.x.x"

dashdash@^1.12.0:
  version "1.14.1"
  resolved "http://r.cnpmjs.org/dashdash/download/dashdash-1.14.1.tgz#853cfa0f7cbe2fed5de20326b8dd581035f6e2f0"
  dependencies:
    assert-plus "^1.0.0"

data-uri-to-buffer@1:
  version "1.2.0"
  resolved "http://r.cnpmjs.org/data-uri-to-buffer/download/data-uri-to-buffer-1.2.0.tgz#77163ea9c20d8641b4707e8f18abdf9a78f34835"

dateformat@^2.0.0:
  version "2.0.0"
  resolved "http://r.cnpmjs.org/dateformat/download/dateformat-2.0.0.tgz#2743e3abb5c3fc2462e527dca445e04e9f4dee17"

debug@2, debug@^2.2.0, debug@^2.6.0, debug@^2.6.8:
  version "2.6.8"
  resolved "http://r.cnpmjs.org/debug/download/debug-2.6.8.tgz#e731531ca2ede27d188222427da17821d68ff4fc"
  dependencies:
    ms "2.0.0"

deep-is@~0.1.3:
  version "0.1.3"
  resolved "http://r.cnpmjs.org/deep-is/download/deep-is-0.1.3.tgz#b369d6fb5dbc13eecf524f91b070feedc357cf34"

default-user-agent@^1.0.0:
  version "1.0.0"
  resolved "http://r.cnpmjs.org/default-user-agent/download/default-user-agent-1.0.0.tgz#16c46efdcaba3edc45f24f2bd4868b01b7c2adc6"
  dependencies:
    os-name "~1.0.3"

degenerator@^1.0.4:
  version "1.0.4"
  resolved "http://r.cnpmjs.org/degenerator/download/degenerator-1.0.4.tgz#fcf490a37ece266464d9cc431ab98c5819ced095"
  dependencies:
    ast-types "0.x.x"
    escodegen "1.x.x"
    esprima "3.x.x"

delayed-stream@~1.0.0:
  version "1.0.0"
  resolved "http://r.cnpmjs.org/delayed-stream/download/delayed-stream-1.0.0.tgz#df3ae199acadfb7d440aaae0b29e2272b24ec619"

depd@1.1.0:
  version "1.1.0"
  resolved "http://r.cnpmjs.org/depd/download/depd-1.1.0.tgz#e1bd82c6aab6ced965b97b88b17ed3e528ca18c3"

destroy@^1.0.4:
  version "1.0.4"
  resolved "http://r.cnpmjs.org/destroy/download/destroy-1.0.4.tgz#978857442c44749e4206613e37946205826abd80"

digest-header@^0.0.1:
  version "0.0.1"
  resolved "http://r.cnpmjs.org/digest-header/download/digest-header-0.0.1.tgz#11ccf6deec5766ac379744d901c12cba49514be6"
  dependencies:
    utility "0.1.11"

ecc-jsbn@~0.1.1:
  version "0.1.1"
  resolved "http://r.cnpmjs.org/ecc-jsbn/download/ecc-jsbn-0.1.1.tgz#0fc73a9ed5f0d53c38193398523ef7e543777505"
  dependencies:
    jsbn "~0.1.0"

ee-first@~1.1.1:
  version "1.1.1"
  resolved "http://r.cnpmjs.org/ee-first/download/ee-first-1.1.1.tgz#590c61156b0ae2f4f0255732a158b266bc56b21d"

end-or-error@^1.0.1:
  version "1.0.1"
  resolved "http://r.cnpmjs.org/end-or-error/download/end-or-error-1.0.1.tgz#dc7a6210fe78d372fee24a8b4899dbd155414dcb"

es6-promise@^4.0.3:
  version "4.1.1"
  resolved "http://r.cnpmjs.org/es6-promise/download/es6-promise-4.1.1.tgz#8811e90915d9a0dba36274f0b242dbda78f9c92a"

es6-promisify@^5.0.0:
  version "5.0.0"
  resolved "http://r.cnpmjs.org/es6-promisify/download/es6-promisify-5.0.0.tgz#5109d62f3e56ea967c4b63505aef08291c8a5203"
  dependencies:
    es6-promise "^4.0.3"

escape-html@~1.0.3:
  version "1.0.3"
  resolved "http://r.cnpmjs.org/escape-html/download/escape-html-1.0.3.tgz#0258eae4d3d0c0974de1c169188ef0051d1d1988"

escodegen@1.x.x:
  version "1.8.1"
  resolved "http://r.cnpmjs.org/escodegen/download/escodegen-1.8.1.tgz#5a5b53af4693110bebb0867aa3430dd3b70a1018"
  dependencies:
    esprima "^2.7.1"
    estraverse "^1.9.1"
    esutils "^2.0.2"
    optionator "^0.8.1"
  optionalDependencies:
    source-map "~0.2.0"

esprima@3.x.x:
  version "3.1.3"
  resolved "http://r.cnpmjs.org/esprima/download/esprima-3.1.3.tgz#fdca51cee6133895e3c88d535ce49dbff62a4633"

esprima@^2.7.1:
  version "2.7.3"
  resolved "http://r.cnpmjs.org/esprima/download/esprima-2.7.3.tgz#96e3b70d5779f6ad49cd032673d1c312767ba581"

estraverse@^1.9.1:
  version "1.9.3"
  resolved "http://r.cnpmjs.org/estraverse/download/estraverse-1.9.3.tgz#af67f2dc922582415950926091a4005d29c9bb44"

esutils@^2.0.2:
  version "2.0.2"
  resolved "http://r.cnpmjs.org/esutils/download/esutils-2.0.2.tgz#0abf4f1caa5bcb1f7a9d8acc6dea4faaa04bac9b"

extend@3, extend@~3.0.0:
  version "3.0.1"
  resolved "http://r.cnpmjs.org/extend/download/extend-3.0.1.tgz#a755ea7bc1adfcc5a31ce7e762dbaadc5e636444"

extsprintf@1.3.0, extsprintf@^1.2.0:
  version "1.3.0"
  resolved "http://r.cnpmjs.org/extsprintf/download/extsprintf-1.3.0.tgz#96918440e3041a7a414f8c52e3c574eb3c3e1e05"

fast-levenshtein@~2.0.4:
  version "2.0.6"
  resolved "http://r.cnpmjs.org/fast-levenshtein/download/fast-levenshtein-2.0.6.tgz#3d8a5c66883a16a30ca8643e851f19baa7797917"

file-uri-to-path@1:
  version "1.0.0"
  resolved "http://r.cnpmjs.org/file-uri-to-path/download/file-uri-to-path-1.0.0.tgz#553a7b8446ff6f684359c445f1e37a05dacc33dd"

forever-agent@~0.6.1:
  version "0.6.1"
  resolved "http://r.cnpmjs.org/forever-agent/download/forever-agent-0.6.1.tgz#fbc71f0c41adeb37f96c577ad1ed42d8fdacca91"

form-data@~2.1.1:
  version "2.1.4"
  resolved "http://r.cnpmjs.org/form-data/download/form-data-2.1.4.tgz#33c183acf193276ecaa98143a69e94bfee1750d1"
  dependencies:
    asynckit "^0.4.0"
    combined-stream "^1.0.5"
    mime-types "^2.1.12"

ftp@~0.3.10:
  version "0.3.10"
  resolved "http://r.cnpmjs.org/ftp/download/ftp-0.3.10.tgz#9197d861ad8142f3e63d5a83bfe4c59f7330885d"
  dependencies:
    readable-stream "1.1.x"
    xregexp "2.0.0"

get-ready@^1.0.0, get-ready@~1.0.0:
  version "1.0.0"
  resolved "http://r.cnpmjs.org/get-ready/download/get-ready-1.0.0.tgz#f91817f1e9adecfea13a562adfc8de883ab34782"

get-uri@^2.0.0:
  version "2.0.1"
  resolved "http://r.cnpmjs.org/get-uri/download/get-uri-2.0.1.tgz#dbdcacacd8c608a38316869368117697a1631c59"
  dependencies:
    data-uri-to-buffer "1"
    debug "2"
    extend "3"
    file-uri-to-path "1"
    ftp "~0.3.10"
    readable-stream "2"

getpass@^0.1.1:
  version "0.1.7"
  resolved "http://r.cnpmjs.org/getpass/download/getpass-0.1.7.tgz#5eff8e3e684d569ae4cb2b1282604e8ba62149fa"
  dependencies:
    assert-plus "^1.0.0"

har-schema@^1.0.5:
  version "1.0.5"
  resolved "http://r.cnpmjs.org/har-schema/download/har-schema-1.0.5.tgz#d263135f43307c02c602afc8fe95970c0151369e"

har-validator@~4.2.1:
  version "4.2.1"
  resolved "http://r.cnpmjs.org/har-validator/download/har-validator-4.2.1.tgz#33481d0f1bbff600dd203d75812a6a5fba002e2a"
  dependencies:
    ajv "^4.9.1"
    har-schema "^1.0.5"

hawk@~3.1.3:
  version "3.1.3"
  resolved "http://r.cnpmjs.org/hawk/download/hawk-3.1.3.tgz#078444bd7c1640b0fe540d2c9b73d59678e8e1c4"
  dependencies:
    boom "2.x.x"
    cryptiles "2.x.x"
    hoek "2.x.x"
    sntp "1.x.x"

hoek@2.x.x:
  version "2.16.3"
  resolved "http://r.cnpmjs.org/hoek/download/hoek-2.16.3.tgz#20bb7403d3cea398e91dc4710a8ff1b8274a25ed"

http-errors@1.6.1:
  version "1.6.1"
  resolved "http://r.cnpmjs.org/http-errors/download/http-errors-1.6.1.tgz#5f8b8ed98aca545656bf572997387f904a722257"
  dependencies:
    depd "1.1.0"
    inherits "2.0.3"
    setprototypeof "1.0.3"
    statuses ">= 1.3.1 < 2"

http-proxy-agent@1, http-proxy-agent@^1.0.0:
  version "1.0.0"
  resolved "http://r.cnpmjs.org/http-proxy-agent/download/http-proxy-agent-1.0.0.tgz#cc1ce38e453bf984a0f7702d2dd59c73d081284a"
  dependencies:
    agent-base "2"
    debug "2"
    extend "3"

http-signature@~1.1.0:
  version "1.1.1"
  resolved "http://r.cnpmjs.org/http-signature/download/http-signature-1.1.1.tgz#df72e267066cd0ac67fb76adf8e134a8fbcf91bf"
  dependencies:
    assert-plus "^0.2.0"
    jsprim "^1.2.2"
    sshpk "^1.7.0"

https-proxy-agent@1, https-proxy-agent@^1.0.0:
  version "1.0.0"
  resolved "http://r.cnpmjs.org/https-proxy-agent/download/https-proxy-agent-1.0.0.tgz#35f7da6c48ce4ddbfa264891ac593ee5ff8671e6"
  dependencies:
    agent-base "2"
    debug "2"
    extend "3"

humanize-ms@^1.2.0:
  version "1.2.1"
  resolved "http://r.cnpmjs.org/humanize-ms/download/humanize-ms-1.2.1.tgz#c46e3159a293f6b896da29316d8b6fe8bb79bbed"
  dependencies:
    ms "^2.0.0"

iconv-lite@0.4.18, iconv-lite@^0.4.15:
  version "0.4.18"
  resolved "http://r.cnpmjs.org/iconv-lite/download/iconv-lite-0.4.18.tgz#23d8656b16aae6742ac29732ea8f0336a4789cf2"

inherits@2.0.3, inherits@~2.0.1, inherits@~2.0.3:
  version "2.0.3"
  resolved "http://r.cnpmjs.org/inherits/download/inherits-2.0.3.tgz#633c2c83e3da42a502f52466022480f4208261de"

ip@^1.1.4, ip@^1.1.5:
  version "1.1.5"
  resolved "http://r.cnpmjs.org/ip/download/ip-1.1.5.tgz#bdded70114290828c0a039e72ef25f5aaec4354a"

is-class@~0.0.4:
  version "0.0.4"
  resolved "http://r.cnpmjs.org/is-class/download/is-class-0.0.4.tgz#e057451705bb34e39e3e33598c93a9837296b736"

is-type-of@^1.0.0:
  version "1.2.0"
  resolved "http://r.cnpmjs.org/is-type-of/download/is-type-of-1.2.0.tgz#b553cbb4621adf5b4171e8883f370e7a6ec38995"
  dependencies:
    core-util-is "^1.0.2"
    is-class "~0.0.4"
    isstream "~0.1.2"

is-typedarray@~1.0.0:
  version "1.0.0"
  resolved "http://r.cnpmjs.org/is-typedarray/download/is-typedarray-1.0.0.tgz#e479c80858df0c1b11ddda6940f96011fcda4a9a"

isarray@0.0.1:
  version "0.0.1"
  resolved "http://r.cnpmjs.org/isarray/download/isarray-0.0.1.tgz#8a18acfca9a8f4177e09abfc6038939b05d1eedf"

isarray@~1.0.0:
  version "1.0.0"
  resolved "http://r.cnpmjs.org/isarray/download/isarray-1.0.0.tgz#bb935d48582cba168c06834957a54a3e07124f11"

isstream@~0.1.2:
  version "0.1.2"
  resolved "http://r.cnpmjs.org/isstream/download/isstream-0.1.2.tgz#47e63f7af55afa6f92e1500e690eb8b8529c099a"

jsbn@~0.1.0:
  version "0.1.1"
  resolved "http://r.cnpmjs.org/jsbn/download/jsbn-0.1.1.tgz#a5e654c2e5a2deb5f201d96cefbca80c0ef2f513"

json-schema@0.2.3:
  version "0.2.3"
  resolved "http://r.cnpmjs.org/json-schema/download/json-schema-0.2.3.tgz#b480c892e59a2f05954ce727bd3f2a4e882f9e13"

json-stable-stringify@^1.0.1:
  version "1.0.1"
  resolved "http://r.cnpmjs.org/json-stable-stringify/download/json-stable-stringify-1.0.1.tgz#9a759d39c5f2ff503fd5300646ed445f88c4f9af"
  dependencies:
    jsonify "~0.0.0"

json-stringify-safe@~5.0.1:
  version "5.0.1"
  resolved "http://r.cnpmjs.org/json-stringify-safe/download/json-stringify-safe-5.0.1.tgz#1296a2d58fd45f19a0f6ce01d65701e2c735b6eb"

jsonify@~0.0.0:
  version "0.0.0"
  resolved "http://r.cnpmjs.org/jsonify/download/jsonify-0.0.0.tgz#2c74b6ee41d93ca51b7b5aaee8f503631d252a73"

jsprim@^1.2.2:
  version "1.4.1"
  resolved "http://r.cnpmjs.org/jsprim/download/jsprim-1.4.1.tgz#313e66bc1e5cc06e438bc1b7499c2e5c56acb6a2"
  dependencies:
    assert-plus "1.0.0"
    extsprintf "1.3.0"
    json-schema "0.2.3"
    verror "1.10.0"

levn@~0.3.0:
  version "0.3.0"
  resolved "http://r.cnpmjs.org/levn/download/levn-0.3.0.tgz#3b09924edf9f083c0490fdd4c0bc4421e04764ee"
  dependencies:
    prelude-ls "~1.1.2"
    type-check "~0.3.2"

lodash@^4.13.1:
  version "4.17.4"
  resolved "http://r.cnpmjs.org/lodash/download/lodash-4.17.4.tgz#78203a4d1c328ae1d86dca6460e369b57f4055ae"

lru-cache@~2.6.5:
  version "2.6.5"
  resolved "http://r.cnpmjs.org/lru-cache/download/lru-cache-2.6.5.tgz#e56d6354148ede8d7707b58d143220fd08df0fd5"

merge-descriptors@^1.0.1:
  version "1.0.1"
  resolved "http://r.cnpmjs.org/merge-descriptors/download/merge-descriptors-1.0.1.tgz#b00aaa556dd8b44568150ec9d1b953f3f90cbb61"

mime-db@~1.29.0:
  version "1.29.0"
  resolved "http://r.cnpmjs.org/mime-db/download/mime-db-1.29.0.tgz#48d26d235589651704ac5916ca06001914266878"

mime-types@^2.1.12, mime-types@~2.1.7:
  version "2.1.16"
  resolved "http://r.cnpmjs.org/mime-types/download/mime-types-2.1.16.tgz#2b858a52e5ecd516db897ac2be87487830698e23"
  dependencies:
    mime-db "~1.29.0"

mime@^1.3.4:
  version "1.4.0"
  resolved "http://r.cnpmjs.org/mime/download/mime-1.4.0.tgz#69e9e0db51d44f2a3b56e48b7817d7d137f1a343"

minimist@^1.1.0:
  version "1.2.0"
  resolved "http://r.cnpmjs.org/minimist/download/minimist-1.2.0.tgz#a35008b20f41383eec1fb914f4cd5df79a264284"

ms@2.0.0, ms@^2.0.0:
  version "2.0.0"
  resolved "http://r.cnpmjs.org/ms/download/ms-2.0.0.tgz#5608aeadfc00be6c2901df5f9861788de0d597c8"

netmask@^1.0.6:
  version "1.0.6"
  resolved "http://r.cnpmjs.org/netmask/download/netmask-1.0.6.tgz#20297e89d86f6f6400f250d9f4f6b4c1945fcd35"

oauth-sign@~0.8.1:
  version "0.8.2"
  resolved "http://r.cnpmjs.org/oauth-sign/download/oauth-sign-0.8.2.tgz#46a6ab7f0aead8deae9ec0565780b7d4efeb9d43"

optionator@^0.8.1:
  version "0.8.2"
  resolved "http://r.cnpmjs.org/optionator/download/optionator-0.8.2.tgz#364c5e409d3f4d6301d6c0b4c05bba50180aeb64"
  dependencies:
    deep-is "~0.1.3"
    fast-levenshtein "~2.0.4"
    levn "~0.3.0"
    prelude-ls "~1.1.2"
    type-check "~0.3.2"
    wordwrap "~1.0.0"

os-name@~1.0.3:
  version "1.0.3"
  resolved "http://r.cnpmjs.org/os-name/download/os-name-1.0.3.tgz#1b379f64835af7c5a7f498b357cb95215c159edf"
  dependencies:
    osx-release "^1.0.0"
    win-release "^1.0.0"

osx-release@^1.0.0:
  version "1.1.0"
  resolved "http://r.cnpmjs.org/osx-release/download/osx-release-1.1.0.tgz#f217911a28136949af1bf9308b241e2737d3cd6c"
  dependencies:
    minimist "^1.1.0"

pac-proxy-agent@^2.0.0:
  version "2.0.0"
  resolved "http://r.cnpmjs.org/pac-proxy-agent/download/pac-proxy-agent-2.0.0.tgz#beb17cd2b06a20b379d57e1b2e2c29be0dfe5f9a"
  dependencies:
    agent-base "^2.1.1"
    debug "^2.6.8"
    get-uri "^2.0.0"
    http-proxy-agent "^1.0.0"
    https-proxy-agent "^1.0.0"
    pac-resolver "^3.0.0"
    raw-body "^2.2.0"
    socks-proxy-agent "^3.0.0"

pac-resolver@^3.0.0:
  version "3.0.0"
  resolved "http://r.cnpmjs.org/pac-resolver/download/pac-resolver-3.0.0.tgz#6aea30787db0a891704deb7800a722a7615a6f26"
  dependencies:
    co "^4.6.0"
    degenerator "^1.0.4"
    ip "^1.1.5"
    netmask "^1.0.6"
    thunkify "^2.1.2"

performance-now@^0.2.0:
  version "0.2.0"
  resolved "http://r.cnpmjs.org/performance-now/download/performance-now-0.2.0.tgz#33ef30c5c77d4ea21c5a53869d91b56d8f2555e5"

platform@^1.3.1:
  version "1.3.4"
  resolved "http://r.cnpmjs.org/platform/download/platform-1.3.4.tgz#6f0fb17edaaa48f21442b3a975c063130f1c3ebd"

prelude-ls@~1.1.2:
  version "1.1.2"
  resolved "http://r.cnpmjs.org/prelude-ls/download/prelude-ls-1.1.2.tgz#21932a549f5e52ffd9a827f570e04be62a97da54"

process-nextick-args@~1.0.6:
  version "1.0.7"
  resolved "http://r.cnpmjs.org/process-nextick-args/download/process-nextick-args-1.0.7.tgz#150e20b756590ad3f91093f25a4f2ad8bff30ba3"

proxy-agent@^2.1.0:
  version "2.1.0"
  resolved "http://r.cnpmjs.org/proxy-agent/download/proxy-agent-2.1.0.tgz#a3a2b3866debfeb79bb791f345dc9bc876e7ff86"
  dependencies:
    agent-base "2"
    debug "2"
    extend "3"
    http-proxy-agent "1"
    https-proxy-agent "1"
    lru-cache "~2.6.5"
    pac-proxy-agent "^2.0.0"
    socks-proxy-agent "2"

punycode@^1.4.1:
  version "1.4.1"
  resolved "http://r.cnpmjs.org/punycode/download/punycode-1.4.1.tgz#c0d5a63b2718800ad8e1eb0fa5269c84dd41845e"

qs@^6.4.0:
  version "6.5.0"
  resolved "http://r.cnpmjs.org/qs/download/qs-6.5.0.tgz#8d04954d364def3efc55b5a0793e1e2c8b1e6e49"

qs@~6.4.0:
  version "6.4.0"
  resolved "http://r.cnpmjs.org/qs/download/qs-6.4.0.tgz#13e26d28ad6b0ffaa91312cd3bf708ed351e7233"

raw-body@^2.2.0:
  version "2.3.0"
  resolved "http://r.cnpmjs.org/raw-body/download/raw-body-2.3.0.tgz#f79ce1acacaba5b6362d33454d785d7129f4bc67"
  dependencies:
    bytes "2.5.0"
    http-errors "1.6.1"
    iconv-lite "0.4.18"
    unpipe "1.0.0"

readable-stream@1.1.x:
  version "1.1.14"
  resolved "http://r.cnpmjs.org/readable-stream/download/readable-stream-1.1.14.tgz#7cf4c54ef648e3813084c636dd2079e166c081d9"
  dependencies:
    core-util-is "~1.0.0"
    inherits "~2.0.1"
    isarray "0.0.1"
    string_decoder "~0.10.x"

readable-stream@2, readable-stream@^2.1.5:
  version "2.3.3"
  resolved "http://r.cnpmjs.org/readable-stream/download/readable-stream-2.3.3.tgz#368f2512d79f9d46fdfc71349ae7878bbc1eb95c"
  dependencies:
    core-util-is "~1.0.0"
    inherits "~2.0.3"
    isarray "~1.0.0"
    process-nextick-args "~1.0.6"
    safe-buffer "~5.1.1"
    string_decoder "~1.0.3"
    util-deprecate "~1.0.1"

request-promise-core@1.1.1:
  version "1.1.1"
  resolved "http://r.cnpmjs.org/request-promise-core/download/request-promise-core-1.1.1.tgz#3eee00b2c5aa83239cfb04c5700da36f81cd08b6"
  dependencies:
    lodash "^4.13.1"

request-promise@^4.2.1:
  version "4.2.1"
  resolved "http://r.cnpmjs.org/request-promise/download/request-promise-4.2.1.tgz#7eec56c89317a822cbfea99b039ce543c2e15f67"
  dependencies:
    bluebird "^3.5.0"
    request-promise-core "1.1.1"
    stealthy-require "^1.1.0"
    tough-cookie ">=2.3.0"

request@^2.81.0:
  version "2.81.0"
  resolved "http://r.cnpmjs.org/request/download/request-2.81.0.tgz#c6928946a0e06c5f8d6f8a9333469ffda46298a0"
  dependencies:
    aws-sign2 "~0.6.0"
    aws4 "^1.2.1"
    caseless "~0.12.0"
    combined-stream "~1.0.5"
    extend "~3.0.0"
    forever-agent "~0.6.1"
    form-data "~2.1.1"
    har-validator "~4.2.1"
    hawk "~3.1.3"
    http-signature "~1.1.0"
    is-typedarray "~1.0.0"
    isstream "~0.1.2"
    json-stringify-safe "~5.0.1"
    mime-types "~2.1.7"
    oauth-sign "~0.8.1"
    performance-now "^0.2.0"
    qs "~6.4.0"
    safe-buffer "^5.0.1"
    stringstream "~0.0.4"
    tough-cookie "~2.3.0"
    tunnel-agent "^0.6.0"
    uuid "^3.0.0"

safe-buffer@^5.0.1, safe-buffer@~5.1.0, safe-buffer@~5.1.1:
  version "5.1.1"
  resolved "http://r.cnpmjs.org/safe-buffer/download/safe-buffer-5.1.1.tgz#893312af69b2123def71f57889001671eeb2c853"

sax@>=0.6.0:
  version "1.2.4"
  resolved "http://r.cnpmjs.org/sax/download/sax-1.2.4.tgz#2816234e2378bddc4e5354fab5caa895df7100d9"

sdk-base@^2.0.1:
  version "2.0.1"
  resolved "http://r.cnpmjs.org/sdk-base/download/sdk-base-2.0.1.tgz#ba40289e8bdf272ed11dd9ea97eaf98e036d24c6"
  dependencies:
    get-ready "~1.0.0"

semver@^5.0.1:
  version "5.4.1"
  resolved "http://r.cnpmjs.org/semver/download/semver-5.4.1.tgz#e059c09d8571f0540823733433505d3a2f00b18e"

semver@~5.0.1:
  version "5.0.3"
  resolved "http://r.cnpmjs.org/semver/download/semver-5.0.3.tgz#77466de589cd5d3c95f138aa78bc569a3cb5d27a"

setprototypeof@1.0.3:
  version "1.0.3"
  resolved "http://r.cnpmjs.org/setprototypeof/download/setprototypeof-1.0.3.tgz#66567e37043eeb4f04d91bd658c0cbefb55b8e04"

smart-buffer@^1.0.13:
  version "1.1.15"
  resolved "http://r.cnpmjs.org/smart-buffer/download/smart-buffer-1.1.15.tgz#7f114b5b65fab3e2a35aa775bb12f0d1c649bf16"

sntp@1.x.x:
  version "1.0.9"
  resolved "http://r.cnpmjs.org/sntp/download/sntp-1.0.9.tgz#6541184cc90aeea6c6e7b35e2659082443c66198"
  dependencies:
    hoek "2.x.x"

socks-proxy-agent@2:
  version "2.1.1"
  resolved "http://r.cnpmjs.org/socks-proxy-agent/download/socks-proxy-agent-2.1.1.tgz#86ebb07193258637870e13b7bd99f26c663df3d3"
  dependencies:
    agent-base "2"
    extend "3"
    socks "~1.1.5"

socks-proxy-agent@^3.0.0:
  version "3.0.0"
  resolved "http://r.cnpmjs.org/socks-proxy-agent/download/socks-proxy-agent-3.0.0.tgz#ea23085cd2bde94d084a62448f31139ca7ed6245"
  dependencies:
    agent-base "^4.0.1"
    socks "^1.1.10"

socks@^1.1.10, socks@~1.1.5:
  version "1.1.10"
  resolved "http://r.cnpmjs.org/socks/download/socks-1.1.10.tgz#5b8b7fc7c8f341c53ed056e929b7bf4de8ba7b5a"
  dependencies:
    ip "^1.1.4"
    smart-buffer "^1.0.13"

source-map@~0.2.0:
  version "0.2.0"
  resolved "http://r.cnpmjs.org/source-map/download/source-map-0.2.0.tgz#dab73fbcfc2ba819b4de03bd6f6eaa48164b3f9d"
  dependencies:
    amdefine ">=0.0.4"

split2@^2.1.1:
  version "2.1.1"
  resolved "http://registry.npm.taobao.org/split2/download/split2-2.1.1.tgz#7a1f551e176a90ecd3345f7246a0cfe175ef4fd0"
  dependencies:
    through2 "^2.0.2"

split@^1.0.1:
  version "1.0.1"
  resolved "http://registry.npm.taobao.org/split/download/split-1.0.1.tgz#605bd9be303aa59fb35f9229fbea0ddec9ea07d9"
  dependencies:
    through "2"

sshpk@^1.7.0:
  version "1.13.1"
  resolved "http://r.cnpmjs.org/sshpk/download/sshpk-1.13.1.tgz#512df6da6287144316dc4c18fe1cf1d940739be3"
  dependencies:
    asn1 "~0.2.3"
    assert-plus "^1.0.0"
    dashdash "^1.12.0"
    getpass "^0.1.1"
  optionalDependencies:
    bcrypt-pbkdf "^1.0.0"
    ecc-jsbn "~0.1.1"
    jsbn "~0.1.0"
    tweetnacl "~0.14.0"

"statuses@>= 1.3.1 < 2", statuses@^1.3.1:
  version "1.3.1"
  resolved "http://r.cnpmjs.org/statuses/download/statuses-1.3.1.tgz#faf51b9eb74aaef3b3acf4ad5f61abf24cb7b93e"

stealthy-require@^1.1.0:
  version "1.1.1"
  resolved "http://r.cnpmjs.org/stealthy-require/download/stealthy-require-1.1.1.tgz#35b09875b4ff49f26a777e509b3090a3226bf24b"

string_decoder@~0.10.x:
  version "0.10.31"
  resolved "http://r.cnpmjs.org/string_decoder/download/string_decoder-0.10.31.tgz#62e203bc41766c6c28c9fc84301dab1c5310fa94"

string_decoder@~1.0.3:
  version "1.0.3"
  resolved "http://r.cnpmjs.org/string_decoder/download/string_decoder-1.0.3.tgz#0fc67d7c141825de94282dd536bec6b9bce860ab"
  dependencies:
    safe-buffer "~5.1.0"

stringstream@~0.0.4:
  version "0.0.5"
  resolved "http://r.cnpmjs.org/stringstream/download/stringstream-0.0.5.tgz#4e484cd4de5a0bbbee18e46307710a8a81621878"

through2@^2.0.2, through2@^2.0.3:
  version "2.0.3"
  resolved "http://registry.npm.taobao.org/through2/download/through2-2.0.3.tgz#0004569b37c7c74ba39c43f3ced78d1ad94140be"
  dependencies:
    readable-stream "^2.1.5"
    xtend "~4.0.1"

through@2:
  version "2.3.8"
  resolved "http://registry.npm.taobao.org/through/download/through-2.3.8.tgz#0dd4c9ffaabc357960b1b724115d7e0e86a2e1f5"

thunkify@^2.1.2:
  version "2.1.2"
  resolved "http://r.cnpmjs.org/thunkify/download/thunkify-2.1.2.tgz#faa0e9d230c51acc95ca13a361ac05ca7e04553d"

tough-cookie@>=2.3.0, tough-cookie@~2.3.0:
  version "2.3.2"
  resolved "http://r.cnpmjs.org/tough-cookie/download/tough-cookie-2.3.2.tgz#f081f76e4c85720e6c37a5faced737150d84072a"
  dependencies:
    punycode "^1.4.1"

tunnel-agent@^0.6.0:
  version "0.6.0"
  resolved "http://r.cnpmjs.org/tunnel-agent/download/tunnel-agent-0.6.0.tgz#27a5dea06b36b04a0a9966774b290868f0fc40fd"
  dependencies:
    safe-buffer "^5.0.1"

tweetnacl@^0.14.3, tweetnacl@~0.14.0:
  version "0.14.5"
  resolved "http://r.cnpmjs.org/tweetnacl/download/tweetnacl-0.14.5.tgz#5ae68177f192d4456269d108afa93ff8743f4f64"

type-check@~0.3.2:
  version "0.3.2"
  resolved "http://r.cnpmjs.org/type-check/download/type-check-0.3.2.tgz#5884cab512cf1d355e3fb784f30804b2b520db72"
  dependencies:
    prelude-ls "~1.1.2"

unpipe@1.0.0:
  version "1.0.0"
  resolved "http://r.cnpmjs.org/unpipe/download/unpipe-1.0.0.tgz#b2bf4ee8514aae6165b4817829d21b2ef49904ec"

urllib@^2.17.1:
  version "2.24.0"
  resolved "http://r.cnpmjs.org/urllib/download/urllib-2.24.0.tgz#c18959ae7a9b6d24bc979583745e4f5b65f0206c"
  dependencies:
    any-promise "^1.3.0"
    content-type "^1.0.2"
    debug "^2.6.0"
    default-user-agent "^1.0.0"
    digest-header "^0.0.1"
    ee-first "~1.1.1"
    humanize-ms "^1.2.0"
    iconv-lite "^0.4.15"
    proxy-agent "^2.1.0"
    qs "^6.4.0"
    statuses "^1.3.1"
    utility "^1.12.0"

util-deprecate@~1.0.1:
  version "1.0.2"
  resolved "http://r.cnpmjs.org/util-deprecate/download/util-deprecate-1.0.2.tgz#450d4dc9fa70de732762fbd2d4a28981419a0ccf"

utility@0.1.11:
  version "0.1.11"
  resolved "http://r.cnpmjs.org/utility/download/utility-0.1.11.tgz#fde60cf9b4e4751947a0cf5d104ce29367226715"
  dependencies:
    address ">=0.0.1"

utility@^1.12.0, utility@^1.8.0:
  version "1.12.0"
  resolved "http://r.cnpmjs.org/utility/download/utility-1.12.0.tgz#bd69307863a3884ee58821251215b9872fb84058"
  dependencies:
    copy-to "~2.0.1"
    escape-html "~1.0.3"

uuid@^3.0.0:
  version "3.1.0"
  resolved "http://r.cnpmjs.org/uuid/download/uuid-3.1.0.tgz#3dd3d3e790abc24d7b0d3a034ffababe28ebbc04"

verror@1.10.0:
  version "1.10.0"
  resolved "http://r.cnpmjs.org/verror/download/verror-1.10.0.tgz#3a105ca17053af55d6e270c1f8288682e18da400"
  dependencies:
    assert-plus "^1.0.0"
    core-util-is "1.0.2"
    extsprintf "^1.2.0"

win-release@^1.0.0:
  version "1.1.1"
  resolved "http://r.cnpmjs.org/win-release/download/win-release-1.1.1.tgz#5fa55e02be7ca934edfc12665632e849b72e5209"
  dependencies:
    semver "^5.0.1"

wordwrap@~1.0.0:
  version "1.0.0"
  resolved "http://r.cnpmjs.org/wordwrap/download/wordwrap-1.0.0.tgz#27584810891456a4171c8d0226441ade90cbcaeb"

xml2js@^0.4.16:
  version "0.4.19"
  resolved "http://r.cnpmjs.org/xml2js/download/xml2js-0.4.19.tgz#686c20f213209e94abf0d1bcf1efaa291c7827a7"
  dependencies:
    sax ">=0.6.0"
    xmlbuilder "~9.0.1"

xmlbuilder@~9.0.1:
  version "9.0.4"
  resolved "http://r.cnpmjs.org/xmlbuilder/download/xmlbuilder-9.0.4.tgz#519cb4ca686d005a8420d3496f3f0caeecca580f"

xregexp@2.0.0:
  version "2.0.0"
  resolved "http://r.cnpmjs.org/xregexp/download/xregexp-2.0.0.tgz#52a63e56ca0b84a7f3a5f3d61872f126ad7a5943"

xtend@~4.0.1:
  version "4.0.1"
  resolved "http://registry.npm.taobao.org/xtend/download/xtend-4.0.1.tgz#a5c6d532be656e23db820efb943a1f04998d63af"
